
Microsoft Visual Studio Solution File, Format Version 12.00
# Visual Studio Version 16
VisualStudioVersion = 16.0.30114.105
MinimumVisualStudioVersion = 10.0.40219.1
Project("{E24C65DC-7377-472B-9ABA-BC803B73C61A}") = "juancarlosl_2500_ADO", ".", "{AEB510CA-5877-4437-AB2D-74E731BB8DA2}"
	ProjectSection(WebsiteProperties) = preProject
		SccProjectName = "Svn"
		SccAuxPath = "Svn"
		SccLocalPath = "Svn"
		SccProvider = "SubversionScc"
		TargetFrameworkMoniker = ".NETFramework,Version%3Dv4.7.2"
		Debug.AspNetCompiler.VirtualPath = "/localhost_60511"
		Debug.AspNetCompiler.PhysicalPath = "..\juancarlosl_2500_ADO\"
		Debug.AspNetCompiler.TargetPath = "PrecompiledWeb\localhost_60511\"
		Debug.AspNetCompiler.Updateable = "true"
		Debug.AspNetCompiler.ForceOverwrite = "true"
		Debug.AspNetCompiler.FixedNames = "false"
		Debug.AspNetCompiler.Debug = "True"
		Release.AspNetCompiler.VirtualPath = "/localhost_60511"
		Release.AspNetCompiler.PhysicalPath = "..\juancarlosl_2500_ADO\"
		Release.AspNetCompiler.TargetPath = "PrecompiledWeb\localhost_60511\"
		Release.AspNetCompiler.Updateable = "true"
		Release.AspNetCompiler.ForceOverwrite = "true"
		Release.AspNetCompiler.FixedNames = "false"
		Release.AspNetCompiler.Debug = "False"
		VWDPort = "60511"
		SlnRelativePath = "..\juancarlosl_2500_ADO\"
		DefaultWebSiteLanguage = "Visual C#"
	EndProjectSection
	ProjectSection(SvnOrigin) = preProject
		@Keys = Enlist
		Enlist = Required
	EndProjectSection
EndProject
Global
	GlobalSection(SolutionConfigurationPlatforms) = preSolution
		Debug|Any CPU = Debug|Any CPU
	EndGlobalSection
	GlobalSection(ProjectConfigurationPlatforms) = postSolution
		{AEB510CA-5877-4437-AB2D-74E731BB8DA2}.Debug|Any CPU.ActiveCfg = Debug|Any CPU
		{AEB510CA-5877-4437-AB2D-74E731BB8DA2}.Debug|Any CPU.Build.0 = Debug|Any CPU
	EndGlobalSection
	GlobalSection(SolutionProperties) = preSolution
		HideSolutionNode = FALSE
	EndGlobalSection
	GlobalSection(ExtensibilityGlobals) = postSolution
		SolutionGuid = {25E91B67-E766-41A2-A716-AA270015A0CC}
	EndGlobalSection
	GlobalSection(SubversionScc) = preSolution
		Svn-Managed = True
		Manager = AnkhSVN2019 - Subversion Support for Visual Studio
	EndGlobalSection
EndGlobal
